// !$*UTF8*$!
{
	archiveVersion = 1;
	classes = {
	};
	objectVersion = 46;
	objects = {

/* Begin PBXBuildFile section */
		DF58A1231F14A421003A3075 /* AppDelegate.swift in Sources */ = {isa = PBXBuildFile; fileRef = DF58A1221F14A421003A3075 /* AppDelegate.swift */; };
		DF58A1251F14A421003A3075 /* ViewController.swift in Sources */ = {isa = PBXBuildFile; fileRef = DF58A1241F14A421003A3075 /* ViewController.swift */; };
		DF58A1281F14A421003A3075 /* Main.storyboard in Resources */ = {isa = PBXBuildFile; fileRef = DF58A1261F14A421003A3075 /* Main.storyboard */; };
		DF58A12A1F14A421003A3075 /* Assets.xcassets in Resources */ = {isa = PBXBuildFile; fileRef = DF58A1291F14A421003A3075 /* Assets.xcassets */; };
		DF58A12D1F14A421003A3075 /* LaunchScreen.storyboard in Resources */ = {isa = PBXBuildFile; fileRef = DF58A12B1F14A421003A3075 /* LaunchScreen.storyboard */; };
/* End PBXBuildFile section */

/* Begin PBXFileReference section */
		DF58A11F1F14A421003A3075 /* EmployeeDetail_WatchOS.app */ = {isa = PBXFileReference; explicitFileType = wrapper.application; includeInIndex = 0; path = EmployeeDetail_WatchOS.app; sourceTree = BUILT_PRODUCTS_DIR; };
		DF58A1221F14A421003A3075 /* AppDelegate.swift */ = {isa = PBXFileReference; lastKnownFileType = sourcecode.swift; path = AppDelegate.swift; sourceTree = "<group>"; };
		DF58A1241F14A421003A3075 /* ViewController.swift */ = {isa = PBXFileReference; lastKnownFileType = sourcecode.swift; path = ViewController.swift; sourceTree = "<group>"; };
		DF58A1271F14A421003A3075 /* Base */ = {isa = PBXFileReference; lastKnownFileType = file.storyboard; name = Base; path = Base.lproj/Main.storyboard; sourceTree = "<group>"; };
		DF58A1291F14A421003A3075 /* Assets.xcassets */ = {isa = PBXFileReference; lastKnownFileType = folder.assetcatalog; path = Assets.xcassets; sourceTree = "<group>"; };
		DF58A12C1F14A421003A3075 /* Base */ = {isa = PBXFileReference; lastKnownFileType = file.storyboard; name = Base; path = Base.lproj/LaunchScreen.storyboard; sourceTree = "<group>"; };
		DF58A12E1F14A421003A3075 /* Info.plist */ = {isa = PBXFileReference; lastKnownFileType = text.plist.xml; path = Info.plist; sourceTree = "<group>"; };
/* End PBXFileReference section */

/* Begin PBXFrameworksBuildPhase section */
		DF58A11C1F14A421003A3075 /* Frameworks */ = {
			isa = PBXFrameworksBuildPhase;
			buildActionMask = 2147483647;
			files = (
			);
			runOnlyForDeploymentPostprocessing = 0;
		};
/* End PBXFrameworksBuildPhase section */

/* Begin PBXGroup section */
		DF58A1161F14A421003A3075 = {
			isa = PBXGroup;
			children = (
				DF58A1211F14A421003A3075 /* EmployeeDetail_WatchOS */,
				DF58A1201F14A421003A3075 /* Products */,
			);
			sourceTree = "<group>";
		};
		DF58A1201F14A421003A3075 /* Products */ = {
			isa = PBXGroup;
			children = (
				DF58A11F1F14A421003A3075 /* EmployeeDetail_WatchOS.app */,
			);
			name = Products;
			sourceTree = "<group>";
		};
		DF58A1211F14A421003A3075 /* EmployeeDetail_WatchOS */ = {
			isa = PBXGroup;
			children = (
				DF58A1221F14A421003A3075 /* AppDelegate.swift */,
				DF58A1241F14A421003A3075 /* ViewController.swift */,
				DF58A1261F14A421003A3075 /* Main.storyboard */,
				DF58A1291F14A421003A3075 /* Assets.xcassets */,
				DF58A12B1F14A421003A3075 /* LaunchScreen.storyboard */,
				DF58A12E1F14A421003A3075 /* Info.plist */,
			);
			path = EmployeeDetail_WatchOS;
			sourceTree = "<group>";
		};
/* End PBXGroup section */

/* Begin PBXNativeTarget section */
		DF58A11E1F14A421003A3075 /* EmployeeDetail_WatchOS */ = {
			isa = PBXNativeTarget;
			buildConfigurationList = DF58A1311F14A421003A3075 /* Build configuration list for PBXNativeTarget "EmployeeDetail_WatchOS" */;
			buildPhases = (
				DF58A11B1F14A421003A3075 /* Sources */,
				DF58A11C1F14A421003A3075 /* Frameworks */,
				DF58A11D1F14A421003A3075 /* Resources */,
			);
			buildRules = (
			);
			dependencies = (
			);
			name = EmployeeDetail_WatchOS;
			productName = EmployeeDetail_WatchOS;
			productReference = DF58A11F1F14A421003A3075 /* EmployeeDetail_WatchOS.app */;
			productType = "com.apple.product-type.application";
		};
/* End PBXNativeTarget section */

/* Begin PBXProject section */
		DF58A1171F14A421003A3075 /* Project object */ = {
			isa = PBXProject;
			attributes = {
				LastSwiftUpdateCheck = 0830;
				LastUpgradeCheck = 0830;
				ORGANIZATIONNAME = "Naseem Ahmad";
				TargetAttributes = {
					DF58A11E1F14A421003A3075 = {
						CreatedOnToolsVersion = 8.3.3;
						ProvisioningStyle = Automatic;
					};
				};
			};
			buildConfigurationList = DF58A11A1F14A421003A3075 /* Build configuration list for PBXProject "EmployeeDetail_WatchOS" */;
			compatibilityVersion = "Xcode 3.2";
			developmentRegion = English;
			hasScannedForEncodings = 0;
			knownRegions = (
				en,
				Base,
			);
			mainGroup = DF58A1161F14A421003A3075;
			productRefGroup = DF58A1201F14A421003A3075 /* Products */;
			projectDirPath = "";
			projectRoot = "";
			targets = (
				DF58A11E1F14A421003A3075 /* EmployeeDetail_WatchOS */,
			);
		};
/* End PBXProject section */

/* Begin PBXResourcesBuildPhase section */
		DF58A11D1F14A421003A3075 /* Resources */ = {
			isa = PBXResourcesBuildPhase;
			buildActionMask = 2147483647;
			files = (
				DF58A12D1F14A421003A3075 /* LaunchScreen.storyboard in Resources */,
				DF58A12A1F14A421003A3075 /* Assets.xcassets in Resources */,
				DF58A1281F14A421003A3075 /* Main.storyboard in Resources */,
			);
			runOnlyForDeploymentPostprocessing = 0;
		};
/* End PBXResourcesBuildPhase section */

/* Begin PBXSourcesBuildPhase section */
		DF58A11B1F14A421003A3075 /* Sources */ = {
			isa = PBXSourcesBuildPhase;
			buildActionMask = 2147483647;
			files = (
				DF58A1251F14A421003A3075 /* ViewController.swift in Sources */,
				DF58A1231F14A421003A3075 /* AppDelegate.swift in Sources */,
			);
			runOnlyForDeploymentPostprocessing = 0;
		};
/* End PBXSourcesBuildPhase section */

/* Begin PBXVariantGroup section */
		DF58A1261F14A421003A3075 /* Main.storyboard */ = {
			isa = PBXVariantGroup;
			children = (
				DF58A1271F14A421003A3075 /* Base */,
			);
			name = Main.storyboard;
			sourceTree = "<group>";
		};
		DF58A12B1F14A421003A3075 /* LaunchScreen.storyboard */ = {
			isa = PBXVariantGroup;
			children = (
				DF58A12C1F14A421003A3075 /* Base */,
			);
			name = LaunchScreen.storyboard;
			sourceTree = "<group>";
		};
/* End PBXVariantGroup section */

/* Begin XCBuildConfiguration section */
		DF58A12F1F14A421003A3075 /* Debug */ = {
			isa = XCBuildConfiguration;
			buildSettings = {
				ALWAYS_SEARCH_USER_PATHS = NO;
				CLANG_ANALYZER_NONNULL = YES;
				CLANG_ANALYZER_NUMBER_OBJECT_CONVERSION = YES_AGGRESSIVE;
				CLANG_CXX_LANGUAGE_STANDARD = "gnu++0x";
				CLANG_CXX_LIBRARY = "libc++";
				CLANG_ENABLE_MODULES = YES;
				CLANG_ENABLE_OBJC_ARC = YES;
				CLANG_WARN_BOOL_CONVERSION = YES;
				CLANG_WARN_CONSTANT_CONVERSION = YES;
				CLANG_WARN_DIRECT_OBJC_ISA_USAGE = YES_ERROR;
				CLANG_WARN_DOCUMENTATION_COMMENTS = YES;
				CLANG_WARN_EMPTY_BODY = YES;
				CLANG_WARN_ENUM_CONVERSION = YES;
				CLANG_WARN_INFINITE_RECURSION = YES;
				CLANG_WARN_INT_CONVERSION = YES;
				CLANG_WARN_OBJC_ROOT_CLASS = YES_ERROR;
				CLANG_WARN_SUSPICIOUS_MOVE = YES;
				CLANG_WARN_UNREACHABLE_CODE = YES;
				CLANG_WARN__DUPLICATE_METHOD_MATCH = YES;
				"CODE_SIGN_IDENTITY[sdk=iphoneos*]" = "iPhone Developer";
				COPY_PHASE_STRIP = NO;
				DEBUG_INFORMATION_FORMAT = dwarf;
				ENABLE_STRICT_OBJC_MSGSEND = YES;
				ENABLE_TESTABILITY = YES;
				GCC_C_LANGUAGE_STANDARD = gnu99;
				GCC_DYNAMIC_NO_PIC = NO;
				GCC_NO_COMMON_BLOCKS = YES;
				GCC_OPTIMIZATION_LEVEL = 0;
				GCC_PREPROCESSOR_DEFINITIONS = (
					"DEBUG=1",
					"$(inherited)",
				);
				GCC_WARN_64_TO_32_BIT_CONVERSION = YES;
				GCC_WARN_ABOUT_RETURN_TYPE = YES_ERROR;
				GCC_WARN_UNDECLARED_SELECTOR = YES;
				GCC_WARN_UNINITIALIZED_AUTOS = YES_AGGRESSIVE;
				GCC_WARN_UNUSED_FUNCTION = YES;
				GCC_WARN_UNUSED_VARIABLE = YES;
				IPHONEOS_DEPLOYMENT_TARGET = 10.3;
				MTL_ENABLE_DEBUG_INFO = YES;
				ONLY_ACTIVE_ARCH = YES;
				SDKROOT = iphoneos;
				SWIFT_ACTIVE_COMPILATION_CONDITIONS = DEBUG;
				SWIFT_OPTIMIZATION_LEVEL = "-Onone";
				TARGETED_DEVICE_FAMILY = "1,2";
			};
			name = Debug;
		};
		DF58A1301F14A421003A3075 /* Release */ = {
			isa = XCBuildConfiguration;
			buildSettings = {
				ALWAYS_SEARCH_USER_PATHS = NO;
				CLANG_ANALYZER_NONNULL = YES;
				CLANG_ANALYZER_NUMBER_OBJECT_CONVERSION = YES_AGGRESSIVE;
				CLANG_CXX_LANGUAGE_STANDARD = "gnu++0x";
				CLANG_CXX_LIBRARY = "libc++";
				CLANG_ENABLE_MODULES = YES;
				CLANG_ENABLE_OBJC_ARC = YES;
				CLANG_WARN_BOOL_CONVERSION = YES;
				CLANG_WARN_CONSTANT_CONVERSION = YES;
				CLANG_WARN_DIRECT_OBJC_ISA_USAGE = YES_ERROR;
				CLANG_WARN_DOCUMENTATION_COMMENTS = YES;
				CLANG_WARN_EMPTY_BODY = YES;
				CLANG_WARN_ENUM_CONVERSION = YES;
				CLANG_WARN_INFINITE_RECURSION = YES;
				CLANG_WARN_INT_CONVERSION = YES;
				CLANG_WARN_OBJC_ROOT_CLASS = YES_ERROR;
				CLANG_WARN_SUSPICIOUS_MOVE = YES;
				CLANG_WARN_UNREACHABLE_CODE = YES;
				CLANG_WARN__DUPLICATE_METHOD_MATCH = YES;
				"CODE_SIGN_IDENTITY[sdk=iphoneos*]" = "iPhone Developer";
				COPY_PHASE_STRIP = NO;
				DEBUG_INFORMATION_FORMAT = "dwarf-with-dsym";
				ENABLE_NS_ASSERTIONS = NO;
				ENABLE_STRICT_OBJC_MSGSEND = YES;
				GCC_C_LANGUAGE_STANDARD = gnu99;
				GCC_NO_COMMON_BLOCKS = YES;
				GCC_WARN_64_TO_32_BIT_CONVERSION = YES;
				GCC_WARN_ABOUT_RETURN_TYPE = YES_ERROR;
				GCC_WARN_UNDECLARED_SELECTOR = YES;
				GCC_WARN_UNINITIALIZED_AUTOS = YES_AGGRESSIVE;
				GCC_WARN_UNUSED_FUNCTION = YES;
				GCC_WARN_UNUSED_VARIABLE = YES;
				IPHONEOS_DEPLOYMENT_TARGET = 10.3;
				MTL_ENABLE_DEBUG_INFO = NO;
				SDKROOT = iphoneos;
				SWIFT_OPTIMIZATION_LEVEL = "-Owholemodule";
				TARGETED_DEVICE_FAMILY = "1,2";
				VALIDATE_PRODUCT = YES;
			};
			name = Release;
		};
		DF58A1321F14A421003A3075 /* Debug */ = {
			isa = XCBuildConfiguration;
			buildSettings = {
				ASSETCATALOG_COMPILER_APPICON_NAME = AppIcon;
				INFOPLIST_FILE = EmployeeDetail_WatchOS/Info.plist;
				LD_RUNPATH_SEARCH_PATHS = "$(inherited) @executable_path/Frameworks";
				PRODUCT_BUNDLE_IDENTIFIER = "com.exilant.EmployeeDetail-WatchOS";
				PRODUCT_NAME = "$(TARGET_NAME)";
				SWIFT_VERSION = 3.0;
			};
			name = Debug;
		};
		DF58A1331F14A421003A3075 /* Release */ = {
			isa = XCBuildConfiguration;
			buildSettings = {
				ASSETCATALOG_COMPILER_APPICON_NAME = AppIcon;
				INFOPLIST_FILE = EmployeeDetail_WatchOS/Info.plist;
				LD_RUNPATH_SEARCH_PATHS = "$(inherited) @executable_path/Frameworks";
				PRODUCT_BUNDLE_IDENTIFIER = "com.exilant.EmployeeDetail-WatchOS";
				PRODUCT_NAME = "$(TARGET_NAME)";
				SWIFT_VERSION = 3.0;
			};
			name = Release;
		};
/* End XCBuildConfiguration section */

/* Begin XCConfigurationList section */
		DF58A11A1F14A421003A3075 /* Build configuration list for PBXProject "EmployeeDetail_WatchOS" */ = {
			isa = XCConfigurationList;
			buildConfigurations = (
				DF58A12F1F14A421003A3075 /* Debug */,
				DF58A1301F14A421003A3075 /* Release */,
			);
			defaultConfigurationIsVisible = 0;
			defaultConfigurationName = Release;
		};
		DF58A1311F14A421003A3075 /* Build configuration list for PBXNativeTarget "EmployeeDetail_WatchOS" */ = {
			isa = XCConfigurationList;
			buildConfigurations = (
				DF58A1321F14A421003A3075 /* Debug */,
				DF58A1331F14A421003A3075 /* Release */,
			);
			defaultConfigurationIsVisible = 0;
		};
/* End XCConfigurationList section */
	};
	rootObject = DF58A1171F14A421003A3075 /* Project object */;
}
